
Microsoft Visual Studio Solution File, Format Version 12.00
# Visual Studio Version 16
VisualStudioVersion = 16.0.31402.337
MinimumVisualStudioVersion = 10.0.40219.1
Project("{FAE04EC0-301F-11D3-BF4B-00C04F79EFBC}") = "ExPlugin", "ExPlugin\ExPlugin.csproj", "{5DBBFE66-ED6A-40D8-9013-CB3A1EC44E02}"
EndProject
Global
	GlobalSection(SolutionConfigurationPlatforms) = preSolution
		Debug|Any CPU = Debug|Any CPU
		Release|Any CPU = Release|Any CPU
	EndGlobalSection
	GlobalSection(ProjectConfigurationPlatforms) = postSolution
		{5DBBFE66-ED6A-40D8-9013-CB3A1EC44E02}.Debug|Any CPU.ActiveCfg = Debug|Any CPU
		{5DBBFE66-ED6A-40D8-9013-CB3A1EC44E02}.Debug|Any CPU.Build.0 = Debug|Any CPU
		{5DBBFE66-ED6A-40D8-9013-CB3A1EC44E02}.Release|Any CPU.ActiveCfg = Release|Any CPU
		{5DBBFE66-ED6A-40D8-9013-CB3A1EC44E02}.Release|Any CPU.Build.0 = Release|Any CPU
	EndGlobalSection
	GlobalSection(SolutionProperties) = preSolution
		HideSolutionNode = FALSE
	EndGlobalSection
	GlobalSection(ExtensibilityGlobals) = postSolution
		SolutionGuid = {2357C31D-C3DA-47E5-A764-B4D3A15A892F}
	EndGlobalSection
EndGlobal
